# This file was autogenerated by Stack.
# You should not edit this file by hand.
# For more information, please see the documentation at:
#   https://docs.haskellstack.org/en/stable/lock_files

packages: []
snapshots:
- completed:
    sha256: 3096172337b6138d0c4cb5303c4e9c58100230ee8d89aacf7d940a684d22e687
    size: 678646
    url: https://raw.githubusercontent.com/commercialhaskell/stackage-snapshots/master/nightly/2024/12/4.yaml
  original: nightly-2024-12-04
